# This file is autogenerated, do not edit; changes may be undone by the next 'dep ensure'.


[[projects]]
  name = "github.com/urfave/cli"
  packages = ["."]
  revision = "75104e932ac2ddb944a6ea19d9f9f26316ff1145"

[solve-meta]
  analyzer-name = "dep"
  analyzer-version = 1
  inputs-digest = "c48d00ae676d094d249163c849bc70c808c4d0e38d15e2e983cf811ddcfeb878"
  solver-name = "gps-cdcl"
  solver-version = 1
