# This file is autogenerated, do not edit; changes may be undone by the next 'dep ensure'.


[[projects]]
  name = "github.com/urfave/cli"
  packages = ["."]
  revision = "8e01ec4cd3e2d84ab2fe90d8210528ffbb06d8ff"

[solve-meta]
  analyzer-name = "dep"
  analyzer-version = 1
  inputs-digest = "f39fb0ade8efb36739b66d7b7dcecb2e018bf81e92e05597b58c8e4a74d50147"
  solver-name = "gps-cdcl"
  solver-version = 1
